// !$*UTF8*$!
{
	archiveVersion = 1;
	classes = {
	};
	objectVersion = 46;
	objects = {

/* Begin PBXBuildFile section */
		3AA2C2D91AEC945D00171518 /* HappinessViewController.swift in Sources */ = {isa = PBXBuildFile; fileRef = 3AA2C2D81AEC945D00171518 /* HappinessViewController.swift */; };
		3AD88BDB1AE48BDA009E1607 /* AppDelegate.swift in Sources */ = {isa = PBXBuildFile; fileRef = 3AD88BDA1AE48BDA009E1607 /* AppDelegate.swift */; };
		3AD88BE01AE48BDA009E1607 /* Main.storyboard in Resources */ = {isa = PBXBuildFile; fileRef = 3AD88BDE1AE48BDA009E1607 /* Main.storyboard */; };
		3AD88BE21AE48BDA009E1607 /* Images.xcassets in Resources */ = {isa = PBXBuildFile; fileRef = 3AD88BE11AE48BDA009E1607 /* Images.xcassets */; };
		3AD88BE51AE48BDA009E1607 /* LaunchScreen.xib in Resources */ = {isa = PBXBuildFile; fileRef = 3AD88BE31AE48BDA009E1607 /* LaunchScreen.xib */; };
		3AD88BF11AE48BDA009E1607 /* HappinessTests.swift in Sources */ = {isa = PBXBuildFile; fileRef = 3AD88BF01AE48BDA009E1607 /* HappinessTests.swift */; };
		3AD88BFB1AE48DA6009E1607 /* FaceView.swift in Sources */ = {isa = PBXBuildFile; fileRef = 3AD88BFA1AE48DA6009E1607 /* FaceView.swift */; };
/* End PBXBuildFile section */

/* Begin PBXContainerItemProxy section */
		3AD88BEB1AE48BDA009E1607 /* PBXContainerItemProxy */ = {
			isa = PBXContainerItemProxy;
			containerPortal = 3AD88BCD1AE48BDA009E1607 /* Project object */;
			proxyType = 1;
			remoteGlobalIDString = 3AD88BD41AE48BDA009E1607;
			remoteInfo = Happiness;
		};
/* End PBXContainerItemProxy section */

/* Begin PBXFileReference section */
		3AA2C2D81AEC945D00171518 /* HappinessViewController.swift */ = {isa = PBXFileReference; fileEncoding = 4; lastKnownFileType = sourcecode.swift; path = HappinessViewController.swift; sourceTree = "<group>"; };
		3AD88BD51AE48BDA009E1607 /* Happiness.app */ = {isa = PBXFileReference; explicitFileType = wrapper.application; includeInIndex = 0; path = Happiness.app; sourceTree = BUILT_PRODUCTS_DIR; };
		3AD88BD91AE48BDA009E1607 /* Info.plist */ = {isa = PBXFileReference; lastKnownFileType = text.plist.xml; path = Info.plist; sourceTree = "<group>"; };
		3AD88BDA1AE48BDA009E1607 /* AppDelegate.swift */ = {isa = PBXFileReference; lastKnownFileType = sourcecode.swift; path = AppDelegate.swift; sourceTree = "<group>"; };
		3AD88BDF1AE48BDA009E1607 /* Base */ = {isa = PBXFileReference; lastKnownFileType = file.storyboard; name = Base; path = Base.lproj/Main.storyboard; sourceTree = "<group>"; };
		3AD88BE11AE48BDA009E1607 /* Images.xcassets */ = {isa = PBXFileReference; lastKnownFileType = folder.assetcatalog; path = Images.xcassets; sourceTree = "<group>"; };
		3AD88BE41AE48BDA009E1607 /* Base */ = {isa = PBXFileReference; lastKnownFileType = file.xib; name = Base; path = Base.lproj/LaunchScreen.xib; sourceTree = "<group>"; };
		3AD88BEA1AE48BDA009E1607 /* HappinessTests.xctest */ = {isa = PBXFileReference; explicitFileType = wrapper.cfbundle; includeInIndex = 0; path = HappinessTests.xctest; sourceTree = BUILT_PRODUCTS_DIR; };
		3AD88BEF1AE48BDA009E1607 /* Info.plist */ = {isa = PBXFileReference; lastKnownFileType = text.plist.xml; path = Info.plist; sourceTree = "<group>"; };
		3AD88BF01AE48BDA009E1607 /* HappinessTests.swift */ = {isa = PBXFileReference; lastKnownFileType = sourcecode.swift; path = HappinessTests.swift; sourceTree = "<group>"; };
		3AD88BFA1AE48DA6009E1607 /* FaceView.swift */ = {isa = PBXFileReference; fileEncoding = 4; lastKnownFileType = sourcecode.swift; path = FaceView.swift; sourceTree = "<group>"; };
/* End PBXFileReference section */

/* Begin PBXFrameworksBuildPhase section */
		3AD88BD21AE48BDA009E1607 /* Frameworks */ = {
			isa = PBXFrameworksBuildPhase;
			buildActionMask = 2147483647;
			files = (
			);
			runOnlyForDeploymentPostprocessing = 0;
		};
		3AD88BE71AE48BDA009E1607 /* Frameworks */ = {
			isa = PBXFrameworksBuildPhase;
			buildActionMask = 2147483647;
			files = (
			);
			runOnlyForDeploymentPostprocessing = 0;
		};
/* End PBXFrameworksBuildPhase section */

/* Begin PBXGroup section */
		3AD88BCC1AE48BDA009E1607 = {
			isa = PBXGroup;
			children = (
				3AD88BD71AE48BDA009E1607 /* Happiness */,
				3AD88BED1AE48BDA009E1607 /* HappinessTests */,
				3AD88BD61AE48BDA009E1607 /* Products */,
			);
			sourceTree = "<group>";
		};
		3AD88BD61AE48BDA009E1607 /* Products */ = {
			isa = PBXGroup;
			children = (
				3AD88BD51AE48BDA009E1607 /* Happiness.app */,
				3AD88BEA1AE48BDA009E1607 /* HappinessTests.xctest */,
			);
			name = Products;
			sourceTree = "<group>";
		};
		3AD88BD71AE48BDA009E1607 /* Happiness */ = {
			isa = PBXGroup;
			children = (
				3AA2C2D81AEC945D00171518 /* HappinessViewController.swift */,
				3AD88BDE1AE48BDA009E1607 /* Main.storyboard */,
				3AD88BFA1AE48DA6009E1607 /* FaceView.swift */,
				3AD88BD81AE48BDA009E1607 /* Supporting Files */,
			);
			path = Happiness;
			sourceTree = "<group>";
		};
		3AD88BD81AE48BDA009E1607 /* Supporting Files */ = {
			isa = PBXGroup;
			children = (
				3AD88BDA1AE48BDA009E1607 /* AppDelegate.swift */,
				3AD88BE31AE48BDA009E1607 /* LaunchScreen.xib */,
				3AD88BE11AE48BDA009E1607 /* Images.xcassets */,
				3AD88BD91AE48BDA009E1607 /* Info.plist */,
			);
			name = "Supporting Files";
			sourceTree = "<group>";
		};
		3AD88BED1AE48BDA009E1607 /* HappinessTests */ = {
			isa = PBXGroup;
			children = (
				3AD88BF01AE48BDA009E1607 /* HappinessTests.swift */,
				3AD88BEE1AE48BDA009E1607 /* Supporting Files */,
			);
			path = HappinessTests;
			sourceTree = "<group>";
		};
		3AD88BEE1AE48BDA009E1607 /* Supporting Files */ = {
			isa = PBXGroup;
			children = (
				3AD88BEF1AE48BDA009E1607 /* Info.plist */,
			);
			name = "Supporting Files";
			sourceTree = "<group>";
		};
/* End PBXGroup section */

/* Begin PBXNativeTarget section */
		3AD88BD41AE48BDA009E1607 /* Happiness */ = {
			isa = PBXNativeTarget;
			buildConfigurationList = 3AD88BF41AE48BDA009E1607 /* Build configuration list for PBXNativeTarget "Happiness" */;
			buildPhases = (
				3AD88BD11AE48BDA009E1607 /* Sources */,
				3AD88BD21AE48BDA009E1607 /* Frameworks */,
				3AD88BD31AE48BDA009E1607 /* Resources */,
			);
			buildRules = (
			);
			dependencies = (
			);
			name = Happiness;
			productName = Happiness;
			productReference = 3AD88BD51AE48BDA009E1607 /* Happiness.app */;
			productType = "com.apple.product-type.application";
		};
		3AD88BE91AE48BDA009E1607 /* HappinessTests */ = {
			isa = PBXNativeTarget;
			buildConfigurationList = 3AD88BF71AE48BDA009E1607 /* Build configuration list for PBXNativeTarget "HappinessTests" */;
			buildPhases = (
				3AD88BE61AE48BDA009E1607 /* Sources */,
				3AD88BE71AE48BDA009E1607 /* Frameworks */,
				3AD88BE81AE48BDA009E1607 /* Resources */,
			);
			buildRules = (
			);
			dependencies = (
				3AD88BEC1AE48BDA009E1607 /* PBXTargetDependency */,
			);
			name = HappinessTests;
			productName = HappinessTests;
			productReference = 3AD88BEA1AE48BDA009E1607 /* HappinessTests.xctest */;
			productType = "com.apple.product-type.bundle.unit-test";
		};
/* End PBXNativeTarget section */

/* Begin PBXProject section */
		3AD88BCD1AE48BDA009E1607 /* Project object */ = {
			isa = PBXProject;
			attributes = {
				LastUpgradeCheck = 0630;
				ORGANIZATIONNAME = englab;
				TargetAttributes = {
					3AD88BD41AE48BDA009E1607 = {
						CreatedOnToolsVersion = 6.3;
					};
					3AD88BE91AE48BDA009E1607 = {
						CreatedOnToolsVersion = 6.3;
						TestTargetID = 3AD88BD41AE48BDA009E1607;
					};
				};
			};
			buildConfigurationList = 3AD88BD01AE48BDA009E1607 /* Build configuration list for PBXProject "Happiness" */;
			compatibilityVersion = "Xcode 3.2";
			developmentRegion = English;
			hasScannedForEncodings = 0;
			knownRegions = (
				en,
				Base,
			);
			mainGroup = 3AD88BCC1AE48BDA009E1607;
			productRefGroup = 3AD88BD61AE48BDA009E1607 /* Products */;
			projectDirPath = "";
			projectRoot = "";
			targets = (
				3AD88BD41AE48BDA009E1607 /* Happiness */,
				3AD88BE91AE48BDA009E1607 /* HappinessTests */,
			);
		};
/* End PBXProject section */

/* Begin PBXResourcesBuildPhase section */
		3AD88BD31AE48BDA009E1607 /* Resources */ = {
			isa = PBXResourcesBuildPhase;
			buildActionMask = 2147483647;
			files = (
				3AD88BE01AE48BDA009E1607 /* Main.storyboard in Resources */,
				3AD88BE51AE48BDA009E1607 /* LaunchScreen.xib in Resources */,
				3AD88BE21AE48BDA009E1607 /* Images.xcassets in Resources */,
			);
			runOnlyForDeploymentPostprocessing = 0;
		};
		3AD88BE81AE48BDA009E1607 /* Resources */ = {
			isa = PBXResourcesBuildPhase;
			buildActionMask = 2147483647;
			files = (
			);
			runOnlyForDeploymentPostprocessing = 0;
		};
/* End PBXResourcesBuildPhase section */

/* Begin PBXSourcesBuildPhase section */
		3AD88BD11AE48BDA009E1607 /* Sources */ = {
			isa = PBXSourcesBuildPhase;
			buildActionMask = 2147483647;
			files = (
				3AD88BDB1AE48BDA009E1607 /* AppDelegate.swift in Sources */,
				3AA2C2D91AEC945D00171518 /* HappinessViewController.swift in Sources */,
				3AD88BFB1AE48DA6009E1607 /* FaceView.swift in Sources */,
			);
			runOnlyForDeploymentPostprocessing = 0;
		};
		3AD88BE61AE48BDA009E1607 /* Sources */ = {
			isa = PBXSourcesBuildPhase;
			buildActionMask = 2147483647;
			files = (
				3AD88BF11AE48BDA009E1607 /* HappinessTests.swift in Sources */,
			);
			runOnlyForDeploymentPostprocessing = 0;
		};
/* End PBXSourcesBuildPhase section */

/* Begin PBXTargetDependency section */
		3AD88BEC1AE48BDA009E1607 /* PBXTargetDependency */ = {
			isa = PBXTargetDependency;
			target = 3AD88BD41AE48BDA009E1607 /* Happiness */;
			targetProxy = 3AD88BEB1AE48BDA009E1607 /* PBXContainerItemProxy */;
		};
/* End PBXTargetDependency section */

/* Begin PBXVariantGroup section */
		3AD88BDE1AE48BDA009E1607 /* Main.storyboard */ = {
			isa = PBXVariantGroup;
			children = (
				3AD88BDF1AE48BDA009E1607 /* Base */,
			);
			name = Main.storyboard;
			sourceTree = "<group>";
		};
		3AD88BE31AE48BDA009E1607 /* LaunchScreen.xib */ = {
			isa = PBXVariantGroup;
			children = (
				3AD88BE41AE48BDA009E1607 /* Base */,
			);
			name = LaunchScreen.xib;
			sourceTree = "<group>";
		};
/* End PBXVariantGroup section */

/* Begin XCBuildConfiguration section */
		3AD88BF21AE48BDA009E1607 /* Debug */ = {
			isa = XCBuildConfiguration;
			buildSettings = {
				ALWAYS_SEARCH_USER_PATHS = NO;
				CLANG_CXX_LANGUAGE_STANDARD = "gnu++0x";
				CLANG_CXX_LIBRARY = "libc++";
				CLANG_ENABLE_MODULES = YES;
				CLANG_ENABLE_OBJC_ARC = YES;
				CLANG_WARN_BOOL_CONVERSION = YES;
				CLANG_WARN_CONSTANT_CONVERSION = YES;
				CLANG_WARN_DIRECT_OBJC_ISA_USAGE = YES_ERROR;
				CLANG_WARN_EMPTY_BODY = YES;
				CLANG_WARN_ENUM_CONVERSION = YES;
				CLANG_WARN_INT_CONVERSION = YES;
				CLANG_WARN_OBJC_ROOT_CLASS = YES_ERROR;
				CLANG_WARN_UNREACHABLE_CODE = YES;
				CLANG_WARN__DUPLICATE_METHOD_MATCH = YES;
				"CODE_SIGN_IDENTITY[sdk=iphoneos*]" = "iPhone Developer";
				COPY_PHASE_STRIP = NO;
				DEBUG_INFORMATION_FORMAT = "dwarf-with-dsym";
				ENABLE_STRICT_OBJC_MSGSEND = YES;
				GCC_C_LANGUAGE_STANDARD = gnu99;
				GCC_DYNAMIC_NO_PIC = NO;
				GCC_NO_COMMON_BLOCKS = YES;
				GCC_OPTIMIZATION_LEVEL = 0;
				GCC_PREPROCESSOR_DEFINITIONS = (
					"DEBUG=1",
					"$(inherited)",
				);
				GCC_SYMBOLS_PRIVATE_EXTERN = NO;
				GCC_WARN_64_TO_32_BIT_CONVERSION = YES;
				GCC_WARN_ABOUT_RETURN_TYPE = YES_ERROR;
				GCC_WARN_UNDECLARED_SELECTOR = YES;
				GCC_WARN_UNINITIALIZED_AUTOS = YES_AGGRESSIVE;
				GCC_WARN_UNUSED_FUNCTION = YES;
				GCC_WARN_UNUSED_VARIABLE = YES;
				IPHONEOS_DEPLOYMENT_TARGET = 8.3;
				MTL_ENABLE_DEBUG_INFO = YES;
				ONLY_ACTIVE_ARCH = YES;
				SDKROOT = iphoneos;
				SWIFT_OPTIMIZATION_LEVEL = "-Onone";
				TARGETED_DEVICE_FAMILY = "1,2";
			};
			name = Debug;
		};
		3AD88BF31AE48BDA009E1607 /* Release */ = {
			isa = XCBuildConfiguration;
			buildSettings = {
				ALWAYS_SEARCH_USER_PATHS = NO;
				CLANG_CXX_LANGUAGE_STANDARD = "gnu++0x";
				CLANG_CXX_LIBRARY = "libc++";
				CLANG_ENABLE_MODULES = YES;
				CLANG_ENABLE_OBJC_ARC = YES;
				CLANG_WARN_BOOL_CONVERSION = YES;
				CLANG_WARN_CONSTANT_CONVERSION = YES;
				CLANG_WARN_DIRECT_OBJC_ISA_USAGE = YES_ERROR;
				CLANG_WARN_EMPTY_BODY = YES;
				CLANG_WARN_ENUM_CONVERSION = YES;
				CLANG_WARN_INT_CONVERSION = YES;
				CLANG_WARN_OBJC_ROOT_CLASS = YES_ERROR;
				CLANG_WARN_UNREACHABLE_CODE = YES;
				CLANG_WARN__DUPLICATE_METHOD_MATCH = YES;
				"CODE_SIGN_IDENTITY[sdk=iphoneos*]" = "iPhone Developer";
				COPY_PHASE_STRIP = NO;
				DEBUG_INFORMATION_FORMAT = "dwarf-with-dsym";
				ENABLE_NS_ASSERTIONS = NO;
				ENABLE_STRICT_OBJC_MSGSEND = YES;
				GCC_C_LANGUAGE_STANDARD = gnu99;
				GCC_NO_COMMON_BLOCKS = YES;
				GCC_WARN_64_TO_32_BIT_CONVERSION = YES;
				GCC_WARN_ABOUT_RETURN_TYPE = YES_ERROR;
				GCC_WARN_UNDECLARED_SELECTOR = YES;
				GCC_WARN_UNINITIALIZED_AUTOS = YES_AGGRESSIVE;
				GCC_WARN_UNUSED_FUNCTION = YES;
				GCC_WARN_UNUSED_VARIABLE = YES;
				IPHONEOS_DEPLOYMENT_TARGET = 8.3;
				MTL_ENABLE_DEBUG_INFO = NO;
				SDKROOT = iphoneos;
				TARGETED_DEVICE_FAMILY = "1,2";
				VALIDATE_PRODUCT = YES;
			};
			name = Release;
		};
		3AD88BF51AE48BDA009E1607 /* Debug */ = {
			isa = XCBuildConfiguration;
			buildSettings = {
				ASSETCATALOG_COMPILER_APPICON_NAME = AppIcon;
				INFOPLIST_FILE = Happiness/Info.plist;
				LD_RUNPATH_SEARCH_PATHS = "$(inherited) @executable_path/Frameworks";
				PRODUCT_NAME = "$(TARGET_NAME)";
			};
			name = Debug;
		};
		3AD88BF61AE48BDA009E1607 /* Release */ = {
			isa = XCBuildConfiguration;
			buildSettings = {
				ASSETCATALOG_COMPILER_APPICON_NAME = AppIcon;
				INFOPLIST_FILE = Happiness/Info.plist;
				LD_RUNPATH_SEARCH_PATHS = "$(inherited) @executable_path/Frameworks";
				PRODUCT_NAME = "$(TARGET_NAME)";
			};
			name = Release;
		};
		3AD88BF81AE48BDA009E1607 /* Debug */ = {
			isa = XCBuildConfiguration;
			buildSettings = {
				BUNDLE_LOADER = "$(TEST_HOST)";
				FRAMEWORK_SEARCH_PATHS = (
					"$(SDKROOT)/Developer/Library/Frameworks",
					"$(inherited)",
				);
				GCC_PREPROCESSOR_DEFINITIONS = (
					"DEBUG=1",
					"$(inherited)",
				);
				INFOPLIST_FILE = HappinessTests/Info.plist;
				LD_RUNPATH_SEARCH_PATHS = "$(inherited) @executable_path/Frameworks @loader_path/Frameworks";
				PRODUCT_NAME = "$(TARGET_NAME)";
				TEST_HOST = "$(BUILT_PRODUCTS_DIR)/Happiness.app/Happiness";
			};
			name = Debug;
		};
		3AD88BF91AE48BDA009E1607 /* Release */ = {
			isa = XCBuildConfiguration;
			buildSettings = {
				BUNDLE_LOADER = "$(TEST_HOST)";
				FRAMEWORK_SEARCH_PATHS = (
					"$(SDKROOT)/Developer/Library/Frameworks",
					"$(inherited)",
				);
				INFOPLIST_FILE = HappinessTests/Info.plist;
				LD_RUNPATH_SEARCH_PATHS = "$(inherited) @executable_path/Frameworks @loader_path/Frameworks";
				PRODUCT_NAME = "$(TARGET_NAME)";
				TEST_HOST = "$(BUILT_PRODUCTS_DIR)/Happiness.app/Happiness";
			};
			name = Release;
		};
/* End XCBuildConfiguration section */

/* Begin XCConfigurationList section */
		3AD88BD01AE48BDA009E1607 /* Build configuration list for PBXProject "Happiness" */ = {
			isa = XCConfigurationList;
			buildConfigurations = (
				3AD88BF21AE48BDA009E1607 /* Debug */,
				3AD88BF31AE48BDA009E1607 /* Release */,
			);
			defaultConfigurationIsVisible = 0;
			defaultConfigurationName = Release;
		};
		3AD88BF41AE48BDA009E1607 /* Build configuration list for PBXNativeTarget "Happiness" */ = {
			isa = XCConfigurationList;
			buildConfigurations = (
				3AD88BF51AE48BDA009E1607 /* Debug */,
				3AD88BF61AE48BDA009E1607 /* Release */,
			);
			defaultConfigurationIsVisible = 0;
			defaultConfigurationName = Release;
		};
		3AD88BF71AE48BDA009E1607 /* Build configuration list for PBXNativeTarget "HappinessTests" */ = {
			isa = XCConfigurationList;
			buildConfigurations = (
				3AD88BF81AE48BDA009E1607 /* Debug */,
				3AD88BF91AE48BDA009E1607 /* Release */,
			);
			defaultConfigurationIsVisible = 0;
			defaultConfigurationName = Release;
		};
/* End XCConfigurationList section */
	};
	rootObject = 3AD88BCD1AE48BDA009E1607 /* Project object */;
}
